// !$*UTF8*$!
{
	archiveVersion = 1;
	classes = {
	};
	objectVersion = 50;
	objects = {

/* Begin PBXBuildFile section */
		F51F26872663685F0067F77C /* AppDelegate.swift in Sources */ = {isa = PBXBuildFile; fileRef = F51F26862663685F0067F77C /* AppDelegate.swift */; };
		F51F26892663685F0067F77C /* ViewController.swift in Sources */ = {isa = PBXBuildFile; fileRef = F51F26882663685F0067F77C /* ViewController.swift */; };
		F51F268B266368600067F77C /* Assets.xcassets in Resources */ = {isa = PBXBuildFile; fileRef = F51F268A266368600067F77C /* Assets.xcassets */; };
		F51F268E266368600067F77C /* Main.storyboard in Resources */ = {isa = PBXBuildFile; fileRef = F51F268C266368600067F77C /* Main.storyboard */; };
		F51F26972663686F0067F77C /* MetalCircleView.swift in Sources */ = {isa = PBXBuildFile; fileRef = F51F26962663686F0067F77C /* MetalCircleView.swift */; };
		F5762F95266370C600579C42 /* CircleShader.metal in Sources */ = {isa = PBXBuildFile; fileRef = F5762F94266370C600579C42 /* CircleShader.metal */; };
		F5762F99266532DD00579C42 /* SignalProcessing.swift in Sources */ = {isa = PBXBuildFile; fileRef = F5762F98266532DD00579C42 /* SignalProcessing.swift */; };
		F5762F9B2665335200579C42 /* AudioVisualizer.swift in Sources */ = {isa = PBXBuildFile; fileRef = F5762F9A2665335200579C42 /* AudioVisualizer.swift */; };
		F5762F9D2665357100579C42 /* AudioVisualizerVC.swift in Sources */ = {isa = PBXBuildFile; fileRef = F5762F9C2665357100579C42 /* AudioVisualizerVC.swift */; };
		F5762F9F2665377D00579C42 /* music.mp3 in Resources */ = {isa = PBXBuildFile; fileRef = F5762F9E2665377D00579C42 /* music.mp3 */; };
		F5762FA72666C13B00579C42 /* CircleShaderForAV.metal in Sources */ = {isa = PBXBuildFile; fileRef = F5762FA62666C13B00579C42 /* CircleShaderForAV.metal */; };
/* End PBXBuildFile section */

/* Begin PBXFileReference section */
		F51F26832663685F0067F77C /* DemoMetal.app */ = {isa = PBXFileReference; explicitFileType = wrapper.application; includeInIndex = 0; path = DemoMetal.app; sourceTree = BUILT_PRODUCTS_DIR; };
		F51F26862663685F0067F77C /* AppDelegate.swift */ = {isa = PBXFileReference; lastKnownFileType = sourcecode.swift; path = AppDelegate.swift; sourceTree = "<group>"; };
		F51F26882663685F0067F77C /* ViewController.swift */ = {isa = PBXFileReference; lastKnownFileType = sourcecode.swift; path = ViewController.swift; sourceTree = "<group>"; };
		F51F268A266368600067F77C /* Assets.xcassets */ = {isa = PBXFileReference; lastKnownFileType = folder.assetcatalog; path = Assets.xcassets; sourceTree = "<group>"; };
		F51F268D266368600067F77C /* Base */ = {isa = PBXFileReference; lastKnownFileType = file.storyboard; name = Base; path = Base.lproj/Main.storyboard; sourceTree = "<group>"; };
		F51F268F266368600067F77C /* Info.plist */ = {isa = PBXFileReference; lastKnownFileType = text.plist.xml; path = Info.plist; sourceTree = "<group>"; };
		F51F2690266368600067F77C /* DemoMetal.entitlements */ = {isa = PBXFileReference; lastKnownFileType = text.plist.entitlements; path = DemoMetal.entitlements; sourceTree = "<group>"; };
		F51F26962663686F0067F77C /* MetalCircleView.swift */ = {isa = PBXFileReference; lastKnownFileType = sourcecode.swift; path = MetalCircleView.swift; sourceTree = "<group>"; };
		F5762F94266370C600579C42 /* CircleShader.metal */ = {isa = PBXFileReference; lastKnownFileType = sourcecode.metal; path = CircleShader.metal; sourceTree = "<group>"; };
		F5762F962663785000579C42 /* MetalCircleView.playground */ = {isa = PBXFileReference; lastKnownFileType = file.playground; path = MetalCircleView.playground; sourceTree = "<group>"; xcLanguageSpecificationIdentifier = xcode.lang.swift; };
		F5762F98266532DD00579C42 /* SignalProcessing.swift */ = {isa = PBXFileReference; lastKnownFileType = sourcecode.swift; path = SignalProcessing.swift; sourceTree = "<group>"; };
		F5762F9A2665335200579C42 /* AudioVisualizer.swift */ = {isa = PBXFileReference; lastKnownFileType = sourcecode.swift; path = AudioVisualizer.swift; sourceTree = "<group>"; };
		F5762F9C2665357100579C42 /* AudioVisualizerVC.swift */ = {isa = PBXFileReference; lastKnownFileType = sourcecode.swift; path = AudioVisualizerVC.swift; sourceTree = "<group>"; };
		F5762F9E2665377D00579C42 /* music.mp3 */ = {isa = PBXFileReference; lastKnownFileType = audio.mp3; path = music.mp3; sourceTree = "<group>"; };
		F5762FA62666C13B00579C42 /* CircleShaderForAV.metal */ = {isa = PBXFileReference; lastKnownFileType = sourcecode.metal; path = CircleShaderForAV.metal; sourceTree = "<group>"; };
/* End PBXFileReference section */

/* Begin PBXFrameworksBuildPhase section */
		F51F26802663685F0067F77C /* Frameworks */ = {
			isa = PBXFrameworksBuildPhase;
			buildActionMask = 2147483647;
			files = (
			);
			runOnlyForDeploymentPostprocessing = 0;
		};
/* End PBXFrameworksBuildPhase section */

/* Begin PBXGroup section */
		F51F267A2663685F0067F77C = {
			isa = PBXGroup;
			children = (
				F51F26852663685F0067F77C /* DemoMetal */,
				F51F26842663685F0067F77C /* Products */,
			);
			sourceTree = "<group>";
		};
		F51F26842663685F0067F77C /* Products */ = {
			isa = PBXGroup;
			children = (
				F51F26832663685F0067F77C /* DemoMetal.app */,
			);
			name = Products;
			sourceTree = "<group>";
		};
		F51F26852663685F0067F77C /* DemoMetal */ = {
			isa = PBXGroup;
			children = (
				F5762F972665327C00579C42 /* AudioVisualizer */,
				F5762F93266370AB00579C42 /* MetalCircleView */,
				F51F26862663685F0067F77C /* AppDelegate.swift */,
				F51F26882663685F0067F77C /* ViewController.swift */,
				F51F268A266368600067F77C /* Assets.xcassets */,
				F51F268C266368600067F77C /* Main.storyboard */,
				F51F268F266368600067F77C /* Info.plist */,
				F51F2690266368600067F77C /* DemoMetal.entitlements */,
			);
			path = DemoMetal;
			sourceTree = "<group>";
		};
		F5762F93266370AB00579C42 /* MetalCircleView */ = {
			isa = PBXGroup;
			children = (
				F51F26962663686F0067F77C /* MetalCircleView.swift */,
				F5762F94266370C600579C42 /* CircleShader.metal */,
				F5762F962663785000579C42 /* MetalCircleView.playground */,
			);
			path = MetalCircleView;
			sourceTree = "<group>";
		};
		F5762F972665327C00579C42 /* AudioVisualizer */ = {
			isa = PBXGroup;
			children = (
				F5762F9A2665335200579C42 /* AudioVisualizer.swift */,
				F5762F9C2665357100579C42 /* AudioVisualizerVC.swift */,
				F5762F98266532DD00579C42 /* SignalProcessing.swift */,
				F5762F9E2665377D00579C42 /* music.mp3 */,
				F5762FA62666C13B00579C42 /* CircleShaderForAV.metal */,
			);
			path = AudioVisualizer;
			sourceTree = "<group>";
		};
/* End PBXGroup section */

/* Begin PBXNativeTarget section */
		F51F26822663685F0067F77C /* DemoMetal */ = {
			isa = PBXNativeTarget;
			buildConfigurationList = F51F2693266368600067F77C /* Build configuration list for PBXNativeTarget "DemoMetal" */;
			buildPhases = (
				F51F267F2663685F0067F77C /* Sources */,
				F51F26802663685F0067F77C /* Frameworks */,
				F51F26812663685F0067F77C /* Resources */,
			);
			buildRules = (
			);
			dependencies = (
			);
			name = DemoMetal;
			productName = DemoMetal;
			productReference = F51F26832663685F0067F77C /* DemoMetal.app */;
			productType = "com.apple.product-type.application";
		};
/* End PBXNativeTarget section */

/* Begin PBXProject section */
		F51F267B2663685F0067F77C /* Project object */ = {
			isa = PBXProject;
			attributes = {
				LastSwiftUpdateCheck = 1250;
				LastUpgradeCheck = 1250;
				TargetAttributes = {
					F51F26822663685F0067F77C = {
						CreatedOnToolsVersion = 12.5;
					};
				};
			};
			buildConfigurationList = F51F267E2663685F0067F77C /* Build configuration list for PBXProject "DemoMetal" */;
			compatibilityVersion = "Xcode 9.3";
			developmentRegion = en;
			hasScannedForEncodings = 0;
			knownRegions = (
				en,
				Base,
			);
			mainGroup = F51F267A2663685F0067F77C;
			productRefGroup = F51F26842663685F0067F77C /* Products */;
			projectDirPath = "";
			projectRoot = "";
			targets = (
				F51F26822663685F0067F77C /* DemoMetal */,
			);
		};
/* End PBXProject section */

/* Begin PBXResourcesBuildPhase section */
		F51F26812663685F0067F77C /* Resources */ = {
			isa = PBXResourcesBuildPhase;
			buildActionMask = 2147483647;
			files = (
				F51F268B266368600067F77C /* Assets.xcassets in Resources */,
				F51F268E266368600067F77C /* Main.storyboard in Resources */,
				F5762F9F2665377D00579C42 /* music.mp3 in Resources */,
			);
			runOnlyForDeploymentPostprocessing = 0;
		};
/* End PBXResourcesBuildPhase section */

/* Begin PBXSourcesBuildPhase section */
		F51F267F2663685F0067F77C /* Sources */ = {
			isa = PBXSourcesBuildPhase;
			buildActionMask = 2147483647;
			files = (
				F5762F95266370C600579C42 /* CircleShader.metal in Sources */,
				F5762F9D2665357100579C42 /* AudioVisualizerVC.swift in Sources */,
				F51F26972663686F0067F77C /* MetalCircleView.swift in Sources */,
				F5762F99266532DD00579C42 /* SignalProcessing.swift in Sources */,
				F51F26892663685F0067F77C /* ViewController.swift in Sources */,
				F5762F9B2665335200579C42 /* AudioVisualizer.swift in Sources */,
				F51F26872663685F0067F77C /* AppDelegate.swift in Sources */,
				F5762FA72666C13B00579C42 /* CircleShaderForAV.metal in Sources */,
			);
			runOnlyForDeploymentPostprocessing = 0;
		};
/* End PBXSourcesBuildPhase section */

/* Begin PBXVariantGroup section */
		F51F268C266368600067F77C /* Main.storyboard */ = {
			isa = PBXVariantGroup;
			children = (
				F51F268D266368600067F77C /* Base */,
			);
			name = Main.storyboard;
			sourceTree = "<group>";
		};
/* End PBXVariantGroup section */

/* Begin XCBuildConfiguration section */
		F51F2691266368600067F77C /* Debug */ = {
			isa = XCBuildConfiguration;
			buildSettings = {
				ALWAYS_SEARCH_USER_PATHS = NO;
				CLANG_ANALYZER_NONNULL = YES;
				CLANG_ANALYZER_NUMBER_OBJECT_CONVERSION = YES_AGGRESSIVE;
				CLANG_CXX_LANGUAGE_STANDARD = "gnu++14";
				CLANG_CXX_LIBRARY = "libc++";
				CLANG_ENABLE_MODULES = YES;
				CLANG_ENABLE_OBJC_ARC = YES;
				CLANG_ENABLE_OBJC_WEAK = YES;
				CLANG_WARN_BLOCK_CAPTURE_AUTORELEASING = YES;
				CLANG_WARN_BOOL_CONVERSION = YES;
				CLANG_WARN_COMMA = YES;
				CLANG_WARN_CONSTANT_CONVERSION = YES;
				CLANG_WARN_DEPRECATED_OBJC_IMPLEMENTATIONS = YES;
				CLANG_WARN_DIRECT_OBJC_ISA_USAGE = YES_ERROR;
				CLANG_WARN_DOCUMENTATION_COMMENTS = YES;
				CLANG_WARN_EMPTY_BODY = YES;
				CLANG_WARN_ENUM_CONVERSION = YES;
				CLANG_WARN_INFINITE_RECURSION = YES;
				CLANG_WARN_INT_CONVERSION = YES;
				CLANG_WARN_NON_LITERAL_NULL_CONVERSION = YES;
				CLANG_WARN_OBJC_IMPLICIT_RETAIN_SELF = YES;
				CLANG_WARN_OBJC_LITERAL_CONVERSION = YES;
				CLANG_WARN_OBJC_ROOT_CLASS = YES_ERROR;
				CLANG_WARN_QUOTED_INCLUDE_IN_FRAMEWORK_HEADER = YES;
				CLANG_WARN_RANGE_LOOP_ANALYSIS = YES;
				CLANG_WARN_STRICT_PROTOTYPES = YES;
				CLANG_WARN_SUSPICIOUS_MOVE = YES;
				CLANG_WARN_UNGUARDED_AVAILABILITY = YES_AGGRESSIVE;
				CLANG_WARN_UNREACHABLE_CODE = YES;
				CLANG_WARN__DUPLICATE_METHOD_MATCH = YES;
				COPY_PHASE_STRIP = NO;
				DEBUG_INFORMATION_FORMAT = dwarf;
				ENABLE_STRICT_OBJC_MSGSEND = YES;
				ENABLE_TESTABILITY = YES;
				GCC_C_LANGUAGE_STANDARD = gnu11;
				GCC_DYNAMIC_NO_PIC = NO;
				GCC_NO_COMMON_BLOCKS = YES;
				GCC_OPTIMIZATION_LEVEL = 0;
				GCC_PREPROCESSOR_DEFINITIONS = (
					"DEBUG=1",
					"$(inherited)",
				);
				GCC_WARN_64_TO_32_BIT_CONVERSION = YES;
				GCC_WARN_ABOUT_RETURN_TYPE = YES_ERROR;
				GCC_WARN_UNDECLARED_SELECTOR = YES;
				GCC_WARN_UNINITIALIZED_AUTOS = YES_AGGRESSIVE;
				GCC_WARN_UNUSED_FUNCTION = YES;
				GCC_WARN_UNUSED_VARIABLE = YES;
				MACOSX_DEPLOYMENT_TARGET = 11.2;
				MTL_ENABLE_DEBUG_INFO = INCLUDE_SOURCE;
				MTL_FAST_MATH = YES;
				ONLY_ACTIVE_ARCH = YES;
				SDKROOT = macosx;
				SWIFT_ACTIVE_COMPILATION_CONDITIONS = DEBUG;
				SWIFT_OPTIMIZATION_LEVEL = "-Onone";
			};
			name = Debug;
		};
		F51F2692266368600067F77C /* Release */ = {
			isa = XCBuildConfiguration;
			buildSettings = {
				ALWAYS_SEARCH_USER_PATHS = NO;
				CLANG_ANALYZER_NONNULL = YES;
				CLANG_ANALYZER_NUMBER_OBJECT_CONVERSION = YES_AGGRESSIVE;
				CLANG_CXX_LANGUAGE_STANDARD = "gnu++14";
				CLANG_CXX_LIBRARY = "libc++";
				CLANG_ENABLE_MODULES = YES;
				CLANG_ENABLE_OBJC_ARC = YES;
				CLANG_ENABLE_OBJC_WEAK = YES;
				CLANG_WARN_BLOCK_CAPTURE_AUTORELEASING = YES;
				CLANG_WARN_BOOL_CONVERSION = YES;
				CLANG_WARN_COMMA = YES;
				CLANG_WARN_CONSTANT_CONVERSION = YES;
				CLANG_WARN_DEPRECATED_OBJC_IMPLEMENTATIONS = YES;
				CLANG_WARN_DIRECT_OBJC_ISA_USAGE = YES_ERROR;
				CLANG_WARN_DOCUMENTATION_COMMENTS = YES;
				CLANG_WARN_EMPTY_BODY = YES;
				CLANG_WARN_ENUM_CONVERSION = YES;
				CLANG_WARN_INFINITE_RECURSION = YES;
				CLANG_WARN_INT_CONVERSION = YES;
				CLANG_WARN_NON_LITERAL_NULL_CONVERSION = YES;
				CLANG_WARN_OBJC_IMPLICIT_RETAIN_SELF = YES;
				CLANG_WARN_OBJC_LITERAL_CONVERSION = YES;
				CLANG_WARN_OBJC_ROOT_CLASS = YES_ERROR;
				CLANG_WARN_QUOTED_INCLUDE_IN_FRAMEWORK_HEADER = YES;
				CLANG_WARN_RANGE_LOOP_ANALYSIS = YES;
				CLANG_WARN_STRICT_PROTOTYPES = YES;
				CLANG_WARN_SUSPICIOUS_MOVE = YES;
				CLANG_WARN_UNGUARDED_AVAILABILITY = YES_AGGRESSIVE;
				CLANG_WARN_UNREACHABLE_CODE = YES;
				CLANG_WARN__DUPLICATE_METHOD_MATCH = YES;
				COPY_PHASE_STRIP = NO;
				DEBUG_INFORMATION_FORMAT = "dwarf-with-dsym";
				ENABLE_NS_ASSERTIONS = NO;
				ENABLE_STRICT_OBJC_MSGSEND = YES;
				GCC_C_LANGUAGE_STANDARD = gnu11;
				GCC_NO_COMMON_BLOCKS = YES;
				GCC_WARN_64_TO_32_BIT_CONVERSION = YES;
				GCC_WARN_ABOUT_RETURN_TYPE = YES_ERROR;
				GCC_WARN_UNDECLARED_SELECTOR = YES;
				GCC_WARN_UNINITIALIZED_AUTOS = YES_AGGRESSIVE;
				GCC_WARN_UNUSED_FUNCTION = YES;
				GCC_WARN_UNUSED_VARIABLE = YES;
				MACOSX_DEPLOYMENT_TARGET = 11.2;
				MTL_ENABLE_DEBUG_INFO = NO;
				MTL_FAST_MATH = YES;
				SDKROOT = macosx;
				SWIFT_COMPILATION_MODE = wholemodule;
				SWIFT_OPTIMIZATION_LEVEL = "-O";
			};
			name = Release;
		};
		F51F2694266368600067F77C /* Debug */ = {
			isa = XCBuildConfiguration;
			buildSettings = {
				ASSETCATALOG_COMPILER_APPICON_NAME = AppIcon;
				ASSETCATALOG_COMPILER_GLOBAL_ACCENT_COLOR_NAME = AccentColor;
				CODE_SIGN_ENTITLEMENTS = DemoMetal/DemoMetal.entitlements;
				CODE_SIGN_STYLE = Automatic;
				COMBINE_HIDPI_IMAGES = YES;
				INFOPLIST_FILE = DemoMetal/Info.plist;
				LD_RUNPATH_SEARCH_PATHS = (
					"$(inherited)",
					"@executable_path/../Frameworks",
				);
				PRODUCT_BUNDLE_IDENTIFIER = yyokii.DemoMetal;
				PRODUCT_NAME = "$(TARGET_NAME)";
				SWIFT_VERSION = 5.0;
			};
			name = Debug;
		};
		F51F2695266368600067F77C /* Release */ = {
			isa = XCBuildConfiguration;
			buildSettings = {
				ASSETCATALOG_COMPILER_APPICON_NAME = AppIcon;
				ASSETCATALOG_COMPILER_GLOBAL_ACCENT_COLOR_NAME = AccentColor;
				CODE_SIGN_ENTITLEMENTS = DemoMetal/DemoMetal.entitlements;
				CODE_SIGN_STYLE = Automatic;
				COMBINE_HIDPI_IMAGES = YES;
				INFOPLIST_FILE = DemoMetal/Info.plist;
				LD_RUNPATH_SEARCH_PATHS = (
					"$(inherited)",
					"@executable_path/../Frameworks",
				);
				PRODUCT_BUNDLE_IDENTIFIER = yyokii.DemoMetal;
				PRODUCT_NAME = "$(TARGET_NAME)";
				SWIFT_VERSION = 5.0;
			};
			name = Release;
		};
/* End XCBuildConfiguration section */

/* Begin XCConfigurationList section */
		F51F267E2663685F0067F77C /* Build configuration list for PBXProject "DemoMetal" */ = {
			isa = XCConfigurationList;
			buildConfigurations = (
				F51F2691266368600067F77C /* Debug */,
				F51F2692266368600067F77C /* Release */,
			);
			defaultConfigurationIsVisible = 0;
			defaultConfigurationName = Release;
		};
		F51F2693266368600067F77C /* Build configuration list for PBXNativeTarget "DemoMetal" */ = {
			isa = XCConfigurationList;
			buildConfigurations = (
				F51F2694266368600067F77C /* Debug */,
				F51F2695266368600067F77C /* Release */,
			);
			defaultConfigurationIsVisible = 0;
			defaultConfigurationName = Release;
		};
/* End XCConfigurationList section */
	};
	rootObject = F51F267B2663685F0067F77C /* Project object */;
}
